# This file is automatically @generated by Poetry 1.7.1 and should not be changed by hand.

[[package]]
name = "types-pytz"
version = "2024.2.0.20241221"
description = "Typing stubs for pytz"
optional = false
python-versions = ">=3.8"
files = [
    {file = "types_pytz-2024.2.0.20241221-py3-none-any.whl", hash = "sha256:8fc03195329c43637ed4f593663df721fef919b60a969066e22606edf0b53ad5"},
    {file = "types_pytz-2024.2.0.20241221.tar.gz", hash = "sha256:06d7cde9613e9f7504766a0554a270c369434b50e00975b3a4a0f6eed0f2c1a9"},
]

[[package]]
name = "types-setuptools"
version = "69.0.0.20240115"
description = "Typing stubs for setuptools"
optional = false
python-versions = ">=3.8"
files = [
    {file = "types-setuptools-69.0.0.20240115.tar.gz", hash = "sha256:1a9c863899f40cbe2053d0cd1d00ddef0330b492335467d018f73c1fec9462a3"},
    {file = "types_setuptools-69.0.0.20240115-py3-none-any.whl", hash = "sha256:7409e774c69e1810cb45052dbaed839fc30302e86a3ff945172ef2a2e7ab46f8"},
]

[metadata]
lock-version = "2.0"
python-versions = "^3.11"
content-hash = "bf28eb5b240a0ab32baccb2287fa720bb50b1d11d65f3bc4509b4e5e771704ad"
