# This file is automatically @generated by Poetry 1.7.1 and should not be changed by hand.

[[package]]
name = "types-pytz"
version = "2023.4.0.20240130"
description = "Typing stubs for pytz"
optional = false
python-versions = ">=3.8"
files = [
    {file = "types-pytz-2023.4.0.20240130.tar.gz", hash = "sha256:33676a90bf04b19f92c33eec8581136bea2f35ddd12759e579a624a006fd387a"},
    {file = "types_pytz-2023.4.0.20240130-py3-none-any.whl", hash = "sha256:6ce76a9f8fd22bd39b01a59c35bfa2db39b60d11a2f77145e97b730de7e64fe0"},
]

[[package]]
name = "types-setuptools"
version = "69.0.0.20240115"
description = "Typing stubs for setuptools"
optional = false
python-versions = ">=3.8"
files = [
    {file = "types-setuptools-69.0.0.20240115.tar.gz", hash = "sha256:1a9c863899f40cbe2053d0cd1d00ddef0330b492335467d018f73c1fec9462a3"},
    {file = "types_setuptools-69.0.0.20240115-py3-none-any.whl", hash = "sha256:7409e774c69e1810cb45052dbaed839fc30302e86a3ff945172ef2a2e7ab46f8"},
]

[metadata]
lock-version = "2.0"
python-versions = "^3.11"
content-hash = "bf28eb5b240a0ab32baccb2287fa720bb50b1d11d65f3bc4509b4e5e771704ad"
