# This file is automatically @generated by Poetry 1.7.1 and should not be changed by hand.

[[package]]
name = "types-pytz"
version = "2024.1.0.20240203"
description = "Typing stubs for pytz"
optional = false
python-versions = ">=3.8"
files = [
    {file = "types-pytz-2024.1.0.20240203.tar.gz", hash = "sha256:c93751ee20dfc6e054a0148f8f5227b9a00b79c90a4d3c9f464711a73179c89e"},
    {file = "types_pytz-2024.1.0.20240203-py3-none-any.whl", hash = "sha256:9679eef0365db3af91ef7722c199dbb75ee5c1b67e3c4dd7bfbeb1b8a71c21a3"},
]

[[package]]
name = "types-setuptools"
version = "69.0.0.20240115"
description = "Typing stubs for setuptools"
optional = false
python-versions = ">=3.8"
files = [
    {file = "types-setuptools-69.0.0.20240115.tar.gz", hash = "sha256:1a9c863899f40cbe2053d0cd1d00ddef0330b492335467d018f73c1fec9462a3"},
    {file = "types_setuptools-69.0.0.20240115-py3-none-any.whl", hash = "sha256:7409e774c69e1810cb45052dbaed839fc30302e86a3ff945172ef2a2e7ab46f8"},
]

[metadata]
lock-version = "2.0"
python-versions = "^3.11"
content-hash = "bf28eb5b240a0ab32baccb2287fa720bb50b1d11d65f3bc4509b4e5e771704ad"
